{
    "_meta": {
        "hash": {
            "sha256": "6eef1cddc5df66a5c634c3a361f30a7345310ddfbc623f602c298bd7954bf34c"
        },
        "pipfile-spec": 6,
        "requires": {
            "python_version": "3.6"
        },
        "sources": [
            {
                "name": "pypi",
                "url": "https://pypi.org/simple",
                "verify_ssl": true
            }
        ]
    },
    "default": {
        "aiocontextvars": {
            "hashes": [
                "sha256:1e0ff5837c8b01c36a1107acdd0baf7853ebdf6c9fc43e8e311f4be37ac2038a",
                "sha256:6ff7aee14f549d52f0446cbb84d0deddcd3fc677bcf8fbc2ce13f5756d2064dc"
            ],
            "version": "==0.2.1"
        },
        "aiohttp": {
            "hashes": [
                "sha256:3a253332a0d8f82549e65035ebe7199580c3ea0e47071b7428f25b109b3c0310",
                "sha256:3ac6fa105355928e2fc02e876d0d72d6230557d4637017ebf09aec7611124155",
                "sha256:3bfcb76553d7f6296d1a598162d5fb890198f98c021540cbbb85bb604ff198db",
                "sha256:714c62532ca6be90be4b54002743e7ea277ec78b45f04ae86cdc6f45a8400abd",
                "sha256:81a6aaace2b9e8a87531277a5d5f998efbd3554c15bf47173834386966d1bbe1",
                "sha256:ad374a5d7be1de271ecd0fb0ef87c0f8dd9fb062e6fae350fa6c098360018978",
                "sha256:c3e1897726f97d40e067e8b658b2dbdfe216f32b801c5c589212e1b1f9aa8388",
                "sha256:c579ec606f25b3f756f177fee6db344f8d7ef75cfc0603a94c9fa1d1c645789d",
                "sha256:e1985766a4c83fcbdf7dde06544231fc9fb3de8929788179e623d6f9f9f321d2"
            ],
            "version": "==1.0.5"
        },
        "async-timeout": {
            "hashes": [
                "sha256:0c3c816a028d47f659d6ff5c745cb2acf1f966da1fe5c19c77a70282b25f4c5f",
                "sha256:4291ca197d287d274d0b6cb5d6f8f8f82d434ed288f962539ff18cc9012f9ea3"
            ],
            "version": "==3.0.1"
        },
        "asyncpg": {
            "hashes": [
                "sha256:08a0afa32588a04581975fb09dc7c32a873e84481347d8701aba2c4360b70253",
                "sha256:0b5b6d17d5e160e6c3b28f07b770de4ad464483ae2d27863973547e9b754f752",
                "sha256:0f97e1bbc3a89508e6c7458b5145c540c9ae8fcf2be08807601701a7e0e61e6f",
                "sha256:14892f2d715496da3d46b5ea968e48a30d6de15d60ae8e8d1e00605120b0d2b4",
                "sha256:22751a565c6e559d968565f2a4ed5803260f107171ed5cb81304573c13138438",
                "sha256:4534b146687e737acb56051ce57040454d79c017281b1bea82610e34aac6a9c7",
                "sha256:58d36d6cd77ac9ca55a9f0ad96dca859e51debde2ba62b3274dc897a1dce81ea",
                "sha256:60f45ce145d9eaba8f8382c9c2003ebcfff19db8cfdc1fc26e61387bc9d4b378",
                "sha256:6b3f1edf5dd3a9b332d34207101d2e2921beb194b9f41a50a2b669280c695a52",
                "sha256:6c18bddbfc9cb5ce4bf41fc273a964018d6b9a5db144f927aa33246125b09d5b",
                "sha256:7540f66f8dfd3a46cd146fc459dd331dd16ea4c7ffb882434d58e334e3d93f7d",
                "sha256:8863143f8ffa3ebe690b23ebdf3667f1286478e2dccdd4da94fb0403276be4b1",
                "sha256:9c730d9ac150cbeae07d9773451150c06b8797187a72b936fbfe349337ff5fba",
                "sha256:a50072efe844f7758253b96c0878364725a412c23070253dba44719124b6bbf2",
                "sha256:c8523c518a9db479b85b9d756d38afe946fa1727ffe6976b2e6fd856e0716e20",
                "sha256:eb1d1951fa6842884c0f3d520b74fd7975d48cae7d3561ae24cc348fbd3dc677"
            ],
            "version": "==0.18.2"
        },
        "chardet": {
            "hashes": [
                "sha256:84ab92ed1c4d4f16916e05906b6b75a6c0fb5db821cc65e70cbd64a3e2a5eaae",
                "sha256:fc323ffcaeaed0e0a02bf4d117757b98aed530d9ed4531e3e15460124c106691"
            ],
            "version": "==3.0.4"
        },
        "contextvars": {
            "hashes": [
                "sha256:2341042e1c03a271813e07dba29b6b60fa85c1005ea5ed1638a076cf50b4d625"
            ],
            "markers": "python_version < '3.7'",
            "version": "==2.3"
        },
        "discord.py": {
            "hashes": [
                "sha256:17fb8814100fbaf7a79468baa432184db6cef3bbea4ad194fe297c7407d50108"
            ],
            "index": "pypi",
            "version": "==0.16.12"
        },
        "gino": {
            "hashes": [
                "sha256:3471e2f5b44f787eff3381d47e3e252ba184749ba2747adca06658d56272e912",
                "sha256:741cc5b96fbf8d7f62a8ce37efc14204ab67a17efa78c38b34f74fcc8155b4b2"
            ],
            "index": "pypi",
            "version": "==0.8.1"
        },
        "immutables": {
            "hashes": [
                "sha256:1e4f4513254ef11e0230a558ee0dcb4551b914993c330005d15338da595d3750",
                "sha256:228e38dc7a810ba4ff88909908ac47f840e5dc6c4c0da6b25009c626a9ae771c",
                "sha256:2ae88fbfe1d04f4e5859c924e97313edf70e72b4f19871bf329b96a67ede9ba0",
                "sha256:2d32b61c222cba1dd11f0faff67c7fb6204ef1982454e1b5b001d4b79966ef17",
                "sha256:35af186bfac5b62522fdf2cab11120d7b0547f405aa399b6a1e443cf5f5e318c",
                "sha256:63023fa0cceedc62e0d1535cd4ca7a1f6df3120a6d8e5c34e89037402a6fd809",
                "sha256:6bf5857f42a96331fd0929c357dc0b36a72f339f3b6acaf870b149c96b141f69",
                "sha256:7bb1590024a032c7a57f79faf8c8ff5e91340662550d2980e0177f67e66e9c9c",
                "sha256:7c090687d7e623d4eca22962635b5e1a1ee2d6f9a9aca2f3fb5a184a1ffef1f2",
                "sha256:bc36a0a8749881eebd753f696b081bd51145e4d77291d671d2e2f622e5b65d2f",
                "sha256:d9fc6a236018d99af6453ead945a6bb55f98d14b1801a2c229dd993edc753a00"
            ],
            "version": "==0.6"
        },
        "multidict": {
            "hashes": [
                "sha256:024b8129695a952ebd93373e45b5d341dbb87c17ce49637b34000093f243dd4f",
                "sha256:041e9442b11409be5e4fc8b6a97e4bcead758ab1e11768d1e69160bdde18acc3",
                "sha256:045b4dd0e5f6121e6f314d81759abd2c257db4634260abcfe0d3f7083c4908ef",
                "sha256:047c0a04e382ef8bd74b0de01407e8d8632d7d1b4db6f2561106af812a68741b",
                "sha256:068167c2d7bbeebd359665ac4fff756be5ffac9cda02375b5c5a7c4777038e73",
                "sha256:148ff60e0fffa2f5fad2eb25aae7bef23d8f3b8bdaf947a65cdbe84a978092bc",
                "sha256:1d1c77013a259971a72ddaa83b9f42c80a93ff12df6a4723be99d858fa30bee3",
                "sha256:1d48bc124a6b7a55006d97917f695effa9725d05abe8ee78fd60d6588b8344cd",
                "sha256:31dfa2fc323097f8ad7acd41aa38d7c614dd1960ac6681745b6da124093dc351",
                "sha256:34f82db7f80c49f38b032c5abb605c458bac997a6c3142e0d6c130be6fb2b941",
                "sha256:3d5dd8e5998fb4ace04789d1d008e2bb532de501218519d70bb672c4c5a2fc5d",
                "sha256:4a6ae52bd3ee41ee0f3acf4c60ceb3f44e0e3bc52ab7da1c2b2aa6703363a3d1",
                "sha256:4b02a3b2a2f01d0490dd39321c74273fed0568568ea0e7ea23e02bd1fb10a10b",
                "sha256:4b843f8e1dd6a3195679d9838eb4670222e8b8d01bc36c9894d6c3538316fa0a",
                "sha256:5de53a28f40ef3c4fd57aeab6b590c2c663de87a5af76136ced519923d3efbb3",
                "sha256:61b2b33ede821b94fa99ce0b09c9ece049c7067a33b279f343adfe35108a4ea7",
                "sha256:6a3a9b0f45fd75dc05d8e93dc21b18fc1670135ec9544d1ad4acbcf6b86781d0",
                "sha256:76ad8e4c69dadbb31bad17c16baee61c0d1a4a73bed2590b741b2e1a46d3edd0",
                "sha256:7ba19b777dc00194d1b473180d4ca89a054dd18de27d0ee2e42a103ec9b7d014",
                "sha256:7c1b7eab7a49aa96f3db1f716f0113a8a2e93c7375dd3d5d21c4941f1405c9c5",
                "sha256:7fc0eee3046041387cbace9314926aa48b681202f8897f8bff3809967a049036",
                "sha256:8ccd1c5fff1aa1427100ce188557fc31f1e0a383ad8ec42c559aabd4ff08802d",
                "sha256:8e08dd76de80539d613654915a2f5196dbccc67448df291e69a88712ea21e24a",
                "sha256:c18498c50c59263841862ea0501da9f2b3659c00db54abfbf823a80787fde8ce",
                "sha256:c49db89d602c24928e68c0d510f4fcf8989d77defd01c973d6cbe27e684833b1",
                "sha256:ce20044d0317649ddbb4e54dab3c1bcc7483c78c27d3f58ab3d0c7e6bc60d26a",
                "sha256:d1071414dd06ca2eafa90c85a079169bfeb0e5f57fd0b45d44c092546fcd6fd9",
                "sha256:d3be11ac43ab1a3e979dac80843b42226d5d3cccd3986f2e03152720a4297cd7",
                "sha256:db603a1c235d110c860d5f39988ebc8218ee028f07a7cbc056ba6424372ca31b"
            ],
            "version": "==4.5.2"
        },
        "sqlalchemy": {
            "hashes": [
                "sha256:52a42dbf02d0562d6e90e7af59f177f1cc027e72833cc29c3a821eefa009c71d"
            ],
            "version": "==1.2.17"
        },
        "websockets": {
            "hashes": [
                "sha256:09dfec40e9b73e8808c39ecdbc1733e33915a2b26b90c54566afc0af546a9ec3",
                "sha256:2aa6d52264cecb08d39741e8fda49f5ac4872aef02617230c84d02e861f3cc5a",
                "sha256:2f5b7f3920f29609086fb0b63552bb1f86a04b8cbdcc0dbf3775cc90d489dfc8",
                "sha256:3d38f76f71654268e5533b45df125ff208fee242a102d4b5ca958da5cf5fb345",
                "sha256:3fcc7dfb365e81ff8206f950c86d1e73accdf3be2f9110c0cb73be32d2e7a9a5",
                "sha256:4128212ab6f91afda03a0c697add261bdf6946b47928db83f07298ea2cd8d937",
                "sha256:43e5b9f51dd0000a4c6f646e2ade0c886bd14a784ffac08b9e079bd17a63bcc5",
                "sha256:4a932c17cb11c361c286c04842dc2385cc7157019bbba8b64808acbc89a95584",
                "sha256:5ddc5fc121eb76771e990f071071d9530e27d20e8cfb804d9f5823de055837af",
                "sha256:7347af28fcc70eb45be409760c2a428f8199e7f73c04a621916c3c219ed7ad27",
                "sha256:85ae1e4b36aa2e90de56d211d2de36d7c093d00277a9afdd9b4f81e69c0214ab",
                "sha256:8a29100079f5b91a72bcd25d35a7354db985d3babae42d00b9d629f9a0aaa8ac",
                "sha256:a7e7585c8e3c0f9277ad7d6ee6ccddc69649cd216255d5e255d68f90482aeefa",
                "sha256:aa42ecef3aed807e23218c264b1e82004cdd131a6698a10b57fc3d8af8f651fc",
                "sha256:b19e7ede1ba80ee9de6f5b8ccd31beee25402e68bef7c13eeb0b8bc46bc4b7b7",
                "sha256:c4c5b5ce2d66cb0cf193c14bc9726adca095febef0f7b2c04e5e3fa3487a97a4",
                "sha256:de743ef26b002efceea7d7756e99e5d38bf5d4f27563b8d27df2a9a5cc57340a",
                "sha256:e1e568136ad5cb6768504be36d470a136b072acbf3ea882303aee6361be01941",
                "sha256:e8992f1db371f2a1c5af59e032d9dc7c1aa92f16241efcda695b7d955b4de0c2",
                "sha256:e9c1cdbb591432c59d0b5ca64fd30b6d517024767f152fc169563b26e7bcc9da"
            ],
            "version": "==3.4"
        }
    },
    "develop": {}
}
