{
    "_meta": {
        "hash": {
            "sha256": "58967ced09ecb950d4791f044c7012794fc55a12671a016d5c508250ef0a7f8c"
        },
        "pipfile-spec": 6,
        "requires": {
            "python_version": "3.7"
        },
        "sources": [
            {
                "name": "pypi",
                "url": "https://pypi.org/simple",
                "verify_ssl": true
            }
        ]
    },
    "default": {
        "aiocontextvars": {
            "hashes": [
                "sha256:1e0ff5837c8b01c36a1107acdd0baf7853ebdf6c9fc43e8e311f4be37ac2038a",
                "sha256:6ff7aee14f549d52f0446cbb84d0deddcd3fc677bcf8fbc2ce13f5756d2064dc"
            ],
            "version": "==0.2.1"
        },
        "asyncpg": {
            "hashes": [
                "sha256:08a0afa32588a04581975fb09dc7c32a873e84481347d8701aba2c4360b70253",
                "sha256:0b5b6d17d5e160e6c3b28f07b770de4ad464483ae2d27863973547e9b754f752",
                "sha256:0f97e1bbc3a89508e6c7458b5145c540c9ae8fcf2be08807601701a7e0e61e6f",
                "sha256:14892f2d715496da3d46b5ea968e48a30d6de15d60ae8e8d1e00605120b0d2b4",
                "sha256:22751a565c6e559d968565f2a4ed5803260f107171ed5cb81304573c13138438",
                "sha256:4534b146687e737acb56051ce57040454d79c017281b1bea82610e34aac6a9c7",
                "sha256:58d36d6cd77ac9ca55a9f0ad96dca859e51debde2ba62b3274dc897a1dce81ea",
                "sha256:60f45ce145d9eaba8f8382c9c2003ebcfff19db8cfdc1fc26e61387bc9d4b378",
                "sha256:6b3f1edf5dd3a9b332d34207101d2e2921beb194b9f41a50a2b669280c695a52",
                "sha256:6c18bddbfc9cb5ce4bf41fc273a964018d6b9a5db144f927aa33246125b09d5b",
                "sha256:7540f66f8dfd3a46cd146fc459dd331dd16ea4c7ffb882434d58e334e3d93f7d",
                "sha256:8863143f8ffa3ebe690b23ebdf3667f1286478e2dccdd4da94fb0403276be4b1",
                "sha256:9c730d9ac150cbeae07d9773451150c06b8797187a72b936fbfe349337ff5fba",
                "sha256:a50072efe844f7758253b96c0878364725a412c23070253dba44719124b6bbf2",
                "sha256:c8523c518a9db479b85b9d756d38afe946fa1727ffe6976b2e6fd856e0716e20",
                "sha256:eb1d1951fa6842884c0f3d520b74fd7975d48cae7d3561ae24cc348fbd3dc677"
            ],
            "version": "==0.18.2"
        },
        "discord.py": {
            "file": "https://github.com/Rapptz/discord.py/archive/rewrite.zip"
        },
        "gino": {
            "hashes": [
                "sha256:3471e2f5b44f787eff3381d47e3e252ba184749ba2747adca06658d56272e912",
                "sha256:741cc5b96fbf8d7f62a8ce37efc14204ab67a17efa78c38b34f74fcc8155b4b2"
            ],
            "index": "pypi",
            "version": "==0.8.1"
        },
        "sqlalchemy": {
            "hashes": [
                "sha256:52a42dbf02d0562d6e90e7af59f177f1cc027e72833cc29c3a821eefa009c71d"
            ],
            "version": "==1.2.17"
        }
    },
    "develop": {}
}
